
Microsoft Visual Studio Solution File, Format Version 12.00
# Visual Studio Version 16
VisualStudioVersion = 16.0.31019.35
MinimumVisualStudioVersion = 10.0.40219.1
Project("{FAE04EC0-301F-11D3-BF4B-00C04F79EFBC}") = "Hydra.NET", "Hydra.NET\Hydra.NET.csproj", "{1F95E280-8D1E-4E67-8E1D-D3FA89B35D8D}"
EndProject
Project("{FAE04EC0-301F-11D3-BF4B-00C04F79EFBC}") = "Hydra.NET.UnitTests", "Hydra.NET.UnitTests\Hydra.NET.UnitTests.csproj", "{A651E1D7-156E-4CFE-8F48-A4608825EBD2}"
EndProject
Global
	GlobalSection(SolutionConfigurationPlatforms) = preSolution
		Debug|Any CPU = Debug|Any CPU
		Release|Any CPU = Release|Any CPU
	EndGlobalSection
	GlobalSection(ProjectConfigurationPlatforms) = postSolution
		{1F95E280-8D1E-4E67-8E1D-D3FA89B35D8D}.Debug|Any CPU.ActiveCfg = Debug|Any CPU
		{1F95E280-8D1E-4E67-8E1D-D3FA89B35D8D}.Debug|Any CPU.Build.0 = Debug|Any CPU
		{1F95E280-8D1E-4E67-8E1D-D3FA89B35D8D}.Release|Any CPU.ActiveCfg = Release|Any CPU
		{1F95E280-8D1E-4E67-8E1D-D3FA89B35D8D}.Release|Any CPU.Build.0 = Release|Any CPU
		{A651E1D7-156E-4CFE-8F48-A4608825EBD2}.Debug|Any CPU.ActiveCfg = Debug|Any CPU
		{A651E1D7-156E-4CFE-8F48-A4608825EBD2}.Debug|Any CPU.Build.0 = Debug|Any CPU
		{A651E1D7-156E-4CFE-8F48-A4608825EBD2}.Release|Any CPU.ActiveCfg = Release|Any CPU
		{A651E1D7-156E-4CFE-8F48-A4608825EBD2}.Release|Any CPU.Build.0 = Release|Any CPU
	EndGlobalSection
	GlobalSection(SolutionProperties) = preSolution
		HideSolutionNode = FALSE
	EndGlobalSection
	GlobalSection(ExtensibilityGlobals) = postSolution
		SolutionGuid = {4C958139-AF43-4ADE-8A42-393572700A2A}
	EndGlobalSection
EndGlobal
